// !$*UTF8*$!
{
	archiveVersion = 1;
	classes = {
	};
	objectVersion = 46;
	objects = {

/* Begin PBXBuildFile section */
		C4ADBE4A1D225407005DBCF8 /* AppDelegate.swift in Sources */ = {isa = PBXBuildFile; fileRef = C4ADBE421D225407005DBCF8 /* AppDelegate.swift */; };
		C4ADBE4B1D225407005DBCF8 /* Assets.xcassets in Resources */ = {isa = PBXBuildFile; fileRef = C4ADBE431D225407005DBCF8 /* Assets.xcassets */; };
		C4ADBE4C1D225407005DBCF8 /* LaunchScreen.storyboard in Resources */ = {isa = PBXBuildFile; fileRef = C4ADBE441D225407005DBCF8 /* LaunchScreen.storyboard */; };
		C4ADBE4D1D225407005DBCF8 /* Main.storyboard in Resources */ = {isa = PBXBuildFile; fileRef = C4ADBE461D225407005DBCF8 /* Main.storyboard */; };
		C4ADBE4E1D225407005DBCF8 /* Info.plist in Resources */ = {isa = PBXBuildFile; fileRef = C4ADBE481D225407005DBCF8 /* Info.plist */; };
		C4ADBE4F1D225407005DBCF8 /* ViewController.swift in Sources */ = {isa = PBXBuildFile; fileRef = C4ADBE491D225407005DBCF8 /* ViewController.swift */; };
		C4ADBE581D225438005DBCF8 /* ACPReminder.framework in Frameworks */ = {isa = PBXBuildFile; fileRef = C4ADBE551D225426005DBCF8 /* ACPReminder.framework */; };
/* End PBXBuildFile section */

/* Begin PBXContainerItemProxy section */
		C4ADBE541D225426005DBCF8 /* PBXContainerItemProxy */ = {
			isa = PBXContainerItemProxy;
			containerPortal = C4ADBE501D225426005DBCF8 /* ACPReminder.xcodeproj */;
			proxyType = 2;
			remoteGlobalIDString = C45DF1FA1D2166D600E76D31;
			remoteInfo = ACPReminder;
		};
		C4ADBE561D22542E005DBCF8 /* PBXContainerItemProxy */ = {
			isa = PBXContainerItemProxy;
			containerPortal = C4ADBE501D225426005DBCF8 /* ACPReminder.xcodeproj */;
			proxyType = 1;
			remoteGlobalIDString = C45DF1F91D2166D600E76D31;
			remoteInfo = ACPReminder;
		};
/* End PBXContainerItemProxy section */

/* Begin PBXFileReference section */
		C4ADBE2C1D2253BC005DBCF8 /* Example.app */ = {isa = PBXFileReference; explicitFileType = wrapper.application; includeInIndex = 0; path = Example.app; sourceTree = BUILT_PRODUCTS_DIR; };
		C4ADBE421D225407005DBCF8 /* AppDelegate.swift */ = {isa = PBXFileReference; fileEncoding = 4; lastKnownFileType = sourcecode.swift; path = AppDelegate.swift; sourceTree = "<group>"; };
		C4ADBE431D225407005DBCF8 /* Assets.xcassets */ = {isa = PBXFileReference; lastKnownFileType = folder.assetcatalog; path = Assets.xcassets; sourceTree = "<group>"; };
		C4ADBE451D225407005DBCF8 /* Base */ = {isa = PBXFileReference; lastKnownFileType = file.storyboard; name = Base; path = Base.lproj/LaunchScreen.storyboard; sourceTree = "<group>"; };
		C4ADBE471D225407005DBCF8 /* Base */ = {isa = PBXFileReference; lastKnownFileType = file.storyboard; name = Base; path = Base.lproj/Main.storyboard; sourceTree = "<group>"; };
		C4ADBE481D225407005DBCF8 /* Info.plist */ = {isa = PBXFileReference; fileEncoding = 4; lastKnownFileType = text.plist.xml; path = Info.plist; sourceTree = "<group>"; };
		C4ADBE491D225407005DBCF8 /* ViewController.swift */ = {isa = PBXFileReference; fileEncoding = 4; lastKnownFileType = sourcecode.swift; path = ViewController.swift; sourceTree = "<group>"; };
		C4ADBE501D225426005DBCF8 /* ACPReminder.xcodeproj */ = {isa = PBXFileReference; lastKnownFileType = "wrapper.pb-project"; path = ACPReminder.xcodeproj; sourceTree = "<group>"; };
/* End PBXFileReference section */

/* Begin PBXFrameworksBuildPhase section */
		C4ADBE291D2253BC005DBCF8 /* Frameworks */ = {
			isa = PBXFrameworksBuildPhase;
			buildActionMask = 2147483647;
			files = (
				C4ADBE581D225438005DBCF8 /* ACPReminder.framework in Frameworks */,
			);
			runOnlyForDeploymentPostprocessing = 0;
		};
/* End PBXFrameworksBuildPhase section */

/* Begin PBXGroup section */
		C4ADBE231D2253BC005DBCF8 = {
			isa = PBXGroup;
			children = (
				C4ADBE411D225407005DBCF8 /* Example */,
				C4ADBE2D1D2253BC005DBCF8 /* Products */,
				C4ADBE501D225426005DBCF8 /* ACPReminder.xcodeproj */,
			);
			sourceTree = "<group>";
		};
		C4ADBE2D1D2253BC005DBCF8 /* Products */ = {
			isa = PBXGroup;
			children = (
				C4ADBE2C1D2253BC005DBCF8 /* Example.app */,
			);
			name = Products;
			sourceTree = "<group>";
		};
		C4ADBE411D225407005DBCF8 /* Example */ = {
			isa = PBXGroup;
			children = (
				C4ADBE421D225407005DBCF8 /* AppDelegate.swift */,
				C4ADBE431D225407005DBCF8 /* Assets.xcassets */,
				C4ADBE441D225407005DBCF8 /* LaunchScreen.storyboard */,
				C4ADBE461D225407005DBCF8 /* Main.storyboard */,
				C4ADBE481D225407005DBCF8 /* Info.plist */,
				C4ADBE491D225407005DBCF8 /* ViewController.swift */,
			);
			name = Example;
			path = Source/Example;
			sourceTree = "<group>";
		};
		C4ADBE511D225426005DBCF8 /* Products */ = {
			isa = PBXGroup;
			children = (
				C4ADBE551D225426005DBCF8 /* ACPReminder.framework */,
			);
			name = Products;
			sourceTree = "<group>";
		};
/* End PBXGroup section */

/* Begin PBXNativeTarget section */
		C4ADBE2B1D2253BC005DBCF8 /* Example */ = {
			isa = PBXNativeTarget;
			buildConfigurationList = C4ADBE3E1D2253BC005DBCF8 /* Build configuration list for PBXNativeTarget "Example" */;
			buildPhases = (
				C4ADBE281D2253BC005DBCF8 /* Sources */,
				C4ADBE291D2253BC005DBCF8 /* Frameworks */,
				C4ADBE2A1D2253BC005DBCF8 /* Resources */,
			);
			buildRules = (
			);
			dependencies = (
				C4ADBE571D22542E005DBCF8 /* PBXTargetDependency */,
			);
			name = Example;
			productName = Example;
			productReference = C4ADBE2C1D2253BC005DBCF8 /* Example.app */;
			productType = "com.apple.product-type.application";
		};
/* End PBXNativeTarget section */

/* Begin PBXProject section */
		C4ADBE241D2253BC005DBCF8 /* Project object */ = {
			isa = PBXProject;
			attributes = {
				LastSwiftUpdateCheck = 0800;
				LastUpgradeCheck = 0800;
				ORGANIZATIONNAME = Uttopia;
				TargetAttributes = {
					C4ADBE2B1D2253BC005DBCF8 = {
						CreatedOnToolsVersion = 8.0;
						DevelopmentTeam = BMF7S4N69R;
						DevelopmentTeamName = "Antonio Casero (Personal Team)";
						ProvisioningStyle = Automatic;
					};
				};
			};
			buildConfigurationList = C4ADBE271D2253BC005DBCF8 /* Build configuration list for PBXProject "Example" */;
			compatibilityVersion = "Xcode 3.2";
			developmentRegion = English;
			hasScannedForEncodings = 0;
			knownRegions = (
				en,
				Base,
			);
			mainGroup = C4ADBE231D2253BC005DBCF8;
			productRefGroup = C4ADBE2D1D2253BC005DBCF8 /* Products */;
			projectDirPath = "";
			projectReferences = (
				{
					ProductGroup = C4ADBE511D225426005DBCF8 /* Products */;
					ProjectRef = C4ADBE501D225426005DBCF8 /* ACPReminder.xcodeproj */;
				},
			);
			projectRoot = "";
			targets = (
				C4ADBE2B1D2253BC005DBCF8 /* Example */,
			);
		};
/* End PBXProject section */

/* Begin PBXReferenceProxy section */
		C4ADBE551D225426005DBCF8 /* ACPReminder.framework */ = {
			isa = PBXReferenceProxy;
			fileType = wrapper.framework;
			path = ACPReminder.framework;
			remoteRef = C4ADBE541D225426005DBCF8 /* PBXContainerItemProxy */;
			sourceTree = BUILT_PRODUCTS_DIR;
		};
/* End PBXReferenceProxy section */

/* Begin PBXResourcesBuildPhase section */
		C4ADBE2A1D2253BC005DBCF8 /* Resources */ = {
			isa = PBXResourcesBuildPhase;
			buildActionMask = 2147483647;
			files = (
				C4ADBE4E1D225407005DBCF8 /* Info.plist in Resources */,
				C4ADBE4D1D225407005DBCF8 /* Main.storyboard in Resources */,
				C4ADBE4B1D225407005DBCF8 /* Assets.xcassets in Resources */,
				C4ADBE4C1D225407005DBCF8 /* LaunchScreen.storyboard in Resources */,
			);
			runOnlyForDeploymentPostprocessing = 0;
		};
/* End PBXResourcesBuildPhase section */

/* Begin PBXSourcesBuildPhase section */
		C4ADBE281D2253BC005DBCF8 /* Sources */ = {
			isa = PBXSourcesBuildPhase;
			buildActionMask = 2147483647;
			files = (
				C4ADBE4F1D225407005DBCF8 /* ViewController.swift in Sources */,
				C4ADBE4A1D225407005DBCF8 /* AppDelegate.swift in Sources */,
			);
			runOnlyForDeploymentPostprocessing = 0;
		};
/* End PBXSourcesBuildPhase section */

/* Begin PBXTargetDependency section */
		C4ADBE571D22542E005DBCF8 /* PBXTargetDependency */ = {
			isa = PBXTargetDependency;
			name = ACPReminder;
			targetProxy = C4ADBE561D22542E005DBCF8 /* PBXContainerItemProxy */;
		};
/* End PBXTargetDependency section */

/* Begin PBXVariantGroup section */
		C4ADBE441D225407005DBCF8 /* LaunchScreen.storyboard */ = {
			isa = PBXVariantGroup;
			children = (
				C4ADBE451D225407005DBCF8 /* Base */,
			);
			name = LaunchScreen.storyboard;
			sourceTree = "<group>";
		};
		C4ADBE461D225407005DBCF8 /* Main.storyboard */ = {
			isa = PBXVariantGroup;
			children = (
				C4ADBE471D225407005DBCF8 /* Base */,
			);
			name = Main.storyboard;
			sourceTree = "<group>";
		};
/* End PBXVariantGroup section */

/* Begin XCBuildConfiguration section */
		C4ADBE3C1D2253BC005DBCF8 /* Debug */ = {
			isa = XCBuildConfiguration;
			buildSettings = {
				ALWAYS_SEARCH_USER_PATHS = NO;
				CLANG_ANALYZER_NONNULL = YES;
				CLANG_CXX_LANGUAGE_STANDARD = "gnu++0x";
				CLANG_CXX_LIBRARY = "libc++";
				CLANG_ENABLE_MODULES = YES;
				CLANG_ENABLE_OBJC_ARC = YES;
				CLANG_WARN_BOOL_CONVERSION = YES;
				CLANG_WARN_CONSTANT_CONVERSION = YES;
				CLANG_WARN_DIRECT_OBJC_ISA_USAGE = YES_ERROR;
				CLANG_WARN_DOCUMENTATION_COMMENTS = YES;
				CLANG_WARN_EMPTY_BODY = YES;
				CLANG_WARN_ENUM_CONVERSION = YES;
				CLANG_WARN_INT_CONVERSION = YES;
				CLANG_WARN_OBJC_ROOT_CLASS = YES_ERROR;
				CLANG_WARN_UNREACHABLE_CODE = YES;
				CLANG_WARN__DUPLICATE_METHOD_MATCH = YES;
				"CODE_SIGN_IDENTITY[sdk=iphoneos*]" = "iPhone Developer";
				COPY_PHASE_STRIP = NO;
				DEBUG_INFORMATION_FORMAT = dwarf;
				ENABLE_STRICT_OBJC_MSGSEND = YES;
				ENABLE_TESTABILITY = YES;
				GCC_C_LANGUAGE_STANDARD = gnu99;
				GCC_DYNAMIC_NO_PIC = NO;
				GCC_NO_COMMON_BLOCKS = YES;
				GCC_OPTIMIZATION_LEVEL = 0;
				GCC_PREPROCESSOR_DEFINITIONS = (
					"DEBUG=1",
					"$(inherited)",
				);
				GCC_WARN_64_TO_32_BIT_CONVERSION = YES;
				GCC_WARN_ABOUT_RETURN_TYPE = YES_ERROR;
				GCC_WARN_UNDECLARED_SELECTOR = YES;
				GCC_WARN_UNINITIALIZED_AUTOS = YES_AGGRESSIVE;
				GCC_WARN_UNUSED_FUNCTION = YES;
				GCC_WARN_UNUSED_VARIABLE = YES;
				IPHONEOS_DEPLOYMENT_TARGET = 10.0;
				MTL_ENABLE_DEBUG_INFO = YES;
				ONLY_ACTIVE_ARCH = YES;
				SDKROOT = iphoneos;
				SWIFT_ACTIVE_COMPILATION_CONDITIONS = DEBUG;
				SWIFT_OPTIMIZATION_LEVEL = "-Onone";
			};
			name = Debug;
		};
		C4ADBE3D1D2253BC005DBCF8 /* Release */ = {
			isa = XCBuildConfiguration;
			buildSettings = {
				ALWAYS_SEARCH_USER_PATHS = NO;
				CLANG_ANALYZER_NONNULL = YES;
				CLANG_CXX_LANGUAGE_STANDARD = "gnu++0x";
				CLANG_CXX_LIBRARY = "libc++";
				CLANG_ENABLE_MODULES = YES;
				CLANG_ENABLE_OBJC_ARC = YES;
				CLANG_WARN_BOOL_CONVERSION = YES;
				CLANG_WARN_CONSTANT_CONVERSION = YES;
				CLANG_WARN_DIRECT_OBJC_ISA_USAGE = YES_ERROR;
				CLANG_WARN_DOCUMENTATION_COMMENTS = YES;
				CLANG_WARN_EMPTY_BODY = YES;
				CLANG_WARN_ENUM_CONVERSION = YES;
				CLANG_WARN_INT_CONVERSION = YES;
				CLANG_WARN_OBJC_ROOT_CLASS = YES_ERROR;
				CLANG_WARN_UNREACHABLE_CODE = YES;
				CLANG_WARN__DUPLICATE_METHOD_MATCH = YES;
				"CODE_SIGN_IDENTITY[sdk=iphoneos*]" = "iPhone Developer";
				COPY_PHASE_STRIP = NO;
				DEBUG_INFORMATION_FORMAT = "dwarf-with-dsym";
				ENABLE_NS_ASSERTIONS = NO;
				ENABLE_STRICT_OBJC_MSGSEND = YES;
				GCC_C_LANGUAGE_STANDARD = gnu99;
				GCC_NO_COMMON_BLOCKS = YES;
				GCC_WARN_64_TO_32_BIT_CONVERSION = YES;
				GCC_WARN_ABOUT_RETURN_TYPE = YES_ERROR;
				GCC_WARN_UNDECLARED_SELECTOR = YES;
				GCC_WARN_UNINITIALIZED_AUTOS = YES_AGGRESSIVE;
				GCC_WARN_UNUSED_FUNCTION = YES;
				GCC_WARN_UNUSED_VARIABLE = YES;
				IPHONEOS_DEPLOYMENT_TARGET = 10.0;
				MTL_ENABLE_DEBUG_INFO = NO;
				SDKROOT = iphoneos;
				SWIFT_OPTIMIZATION_LEVEL = "-Owholemodule";
				VALIDATE_PRODUCT = YES;
			};
			name = Release;
		};
		C4ADBE3F1D2253BC005DBCF8 /* Debug */ = {
			isa = XCBuildConfiguration;
			buildSettings = {
				ASSETCATALOG_COMPILER_APPICON_NAME = AppIcon;
				INFOPLIST_FILE = Source/Example/Info.plist;
				LD_RUNPATH_SEARCH_PATHS = "$(inherited) @executable_path/Frameworks";
				PRODUCT_BUNDLE_IDENTIFIER = acp.Example;
				PRODUCT_NAME = "$(TARGET_NAME)";
				SWIFT_VERSION = 3.0;
			};
			name = Debug;
		};
		C4ADBE401D2253BC005DBCF8 /* Release */ = {
			isa = XCBuildConfiguration;
			buildSettings = {
				ASSETCATALOG_COMPILER_APPICON_NAME = AppIcon;
				INFOPLIST_FILE = Source/Example/Info.plist;
				LD_RUNPATH_SEARCH_PATHS = "$(inherited) @executable_path/Frameworks";
				PRODUCT_BUNDLE_IDENTIFIER = acp.Example;
				PRODUCT_NAME = "$(TARGET_NAME)";
				SWIFT_VERSION = 3.0;
			};
			name = Release;
		};
/* End XCBuildConfiguration section */

/* Begin XCConfigurationList section */
		C4ADBE271D2253BC005DBCF8 /* Build configuration list for PBXProject "Example" */ = {
			isa = XCConfigurationList;
			buildConfigurations = (
				C4ADBE3C1D2253BC005DBCF8 /* Debug */,
				C4ADBE3D1D2253BC005DBCF8 /* Release */,
			);
			defaultConfigurationIsVisible = 0;
			defaultConfigurationName = Release;
		};
		C4ADBE3E1D2253BC005DBCF8 /* Build configuration list for PBXNativeTarget "Example" */ = {
			isa = XCConfigurationList;
			buildConfigurations = (
				C4ADBE3F1D2253BC005DBCF8 /* Debug */,
				C4ADBE401D2253BC005DBCF8 /* Release */,
			);
			defaultConfigurationIsVisible = 0;
			defaultConfigurationName = Release;
		};
/* End XCConfigurationList section */
	};
	rootObject = C4ADBE241D2253BC005DBCF8 /* Project object */;
}
