// !$*UTF8*$!
{
	archiveVersion = 1;
	classes = {
	};
	objectVersion = 46;
	objects = {

/* Begin PBXBuildFile section */
		C405A7D41D424DB3006D15A8 /* ACPReminderConfiguration.swift in Sources */ = {isa = PBXBuildFile; fileRef = C405A7D31D424DB3006D15A8 /* ACPReminderConfiguration.swift */; };
		C435EC201D423F2700308BD2 /* ACPReminderManager.swift in Sources */ = {isa = PBXBuildFile; fileRef = C4DEC5181D42276700F6B32E /* ACPReminderManager.swift */; };
		C435EC211D423F2700308BD2 /* ACPReminderNotification.swift in Sources */ = {isa = PBXBuildFile; fileRef = C4DEC5191D42276700F6B32E /* ACPReminderNotification.swift */; };
		C435EC291D423F7A00308BD2 /* UserNotifications.framework in Frameworks */ = {isa = PBXBuildFile; fileRef = C435EC281D423F7A00308BD2 /* UserNotifications.framework */; };
		C435EC2A1D423FF700308BD2 /* ACPReminderManager.swift in Headers */ = {isa = PBXBuildFile; fileRef = C4DEC5181D42276700F6B32E /* ACPReminderManager.swift */; settings = {ATTRIBUTES = (Public, ); }; };
		C435EC2B1D423FF700308BD2 /* ACPReminderNotification.swift in Headers */ = {isa = PBXBuildFile; fileRef = C4DEC5191D42276700F6B32E /* ACPReminderNotification.swift */; };
		C4DEC5041D42272E00F6B32E /* ACPReminder.framework in Frameworks */ = {isa = PBXBuildFile; fileRef = C4DEC4F91D42272E00F6B32E /* ACPReminder.framework */; };
		C4DEC5091D42272E00F6B32E /* ACPReminderTests.swift in Sources */ = {isa = PBXBuildFile; fileRef = C4DEC5081D42272E00F6B32E /* ACPReminderTests.swift */; };
		C4DEC5241D42276700F6B32E /* ACPReminder.h in Headers */ = {isa = PBXBuildFile; fileRef = C4DEC5151D42276700F6B32E /* ACPReminder.h */; settings = {ATTRIBUTES = (Public, ); }; };
		C4DEC5251D42276700F6B32E /* Assets.xcassets in Resources */ = {isa = PBXBuildFile; fileRef = C4DEC5161D42276700F6B32E /* Assets.xcassets */; };
		C4DEC52E1D42276700F6B32E /* Info.plist in Resources */ = {isa = PBXBuildFile; fileRef = C4DEC5231D42276700F6B32E /* Info.plist */; };
/* End PBXBuildFile section */

/* Begin PBXContainerItemProxy section */
		C4DEC5051D42272E00F6B32E /* PBXContainerItemProxy */ = {
			isa = PBXContainerItemProxy;
			containerPortal = C4DEC4F01D42272E00F6B32E /* Project object */;
			proxyType = 1;
			remoteGlobalIDString = C4DEC4F81D42272E00F6B32E;
			remoteInfo = ACPReminder;
		};
/* End PBXContainerItemProxy section */

/* Begin PBXFileReference section */
		C405A7D31D424DB3006D15A8 /* ACPReminderConfiguration.swift */ = {isa = PBXFileReference; fileEncoding = 4; lastKnownFileType = sourcecode.swift; path = ACPReminderConfiguration.swift; sourceTree = "<group>"; };
		C435EC281D423F7A00308BD2 /* UserNotifications.framework */ = {isa = PBXFileReference; lastKnownFileType = wrapper.framework; name = UserNotifications.framework; path = System/Library/Frameworks/UserNotifications.framework; sourceTree = SDKROOT; };
		C4DEC4F91D42272E00F6B32E /* ACPReminder.framework */ = {isa = PBXFileReference; explicitFileType = wrapper.framework; includeInIndex = 0; path = ACPReminder.framework; sourceTree = BUILT_PRODUCTS_DIR; };
		C4DEC5031D42272E00F6B32E /* ACPReminderTests.xctest */ = {isa = PBXFileReference; explicitFileType = wrapper.cfbundle; includeInIndex = 0; path = ACPReminderTests.xctest; sourceTree = BUILT_PRODUCTS_DIR; };
		C4DEC5081D42272E00F6B32E /* ACPReminderTests.swift */ = {isa = PBXFileReference; lastKnownFileType = sourcecode.swift; path = ACPReminderTests.swift; sourceTree = "<group>"; };
		C4DEC50A1D42272E00F6B32E /* Info.plist */ = {isa = PBXFileReference; lastKnownFileType = text.plist.xml; path = Info.plist; sourceTree = "<group>"; };
		C4DEC5151D42276700F6B32E /* ACPReminder.h */ = {isa = PBXFileReference; fileEncoding = 4; lastKnownFileType = sourcecode.c.h; path = ACPReminder.h; sourceTree = "<group>"; };
		C4DEC5161D42276700F6B32E /* Assets.xcassets */ = {isa = PBXFileReference; lastKnownFileType = folder.assetcatalog; path = Assets.xcassets; sourceTree = "<group>"; };
		C4DEC5181D42276700F6B32E /* ACPReminderManager.swift */ = {isa = PBXFileReference; fileEncoding = 4; lastKnownFileType = sourcecode.swift; path = ACPReminderManager.swift; sourceTree = "<group>"; };
		C4DEC5191D42276700F6B32E /* ACPReminderNotification.swift */ = {isa = PBXFileReference; fileEncoding = 4; lastKnownFileType = sourcecode.swift; path = ACPReminderNotification.swift; sourceTree = "<group>"; };
		C4DEC5231D42276700F6B32E /* Info.plist */ = {isa = PBXFileReference; fileEncoding = 4; lastKnownFileType = text.plist.xml; path = Info.plist; sourceTree = "<group>"; };
/* End PBXFileReference section */

/* Begin PBXFrameworksBuildPhase section */
		C4DEC4F51D42272E00F6B32E /* Frameworks */ = {
			isa = PBXFrameworksBuildPhase;
			buildActionMask = 2147483647;
			files = (
				C435EC291D423F7A00308BD2 /* UserNotifications.framework in Frameworks */,
			);
			runOnlyForDeploymentPostprocessing = 0;
		};
		C4DEC5001D42272E00F6B32E /* Frameworks */ = {
			isa = PBXFrameworksBuildPhase;
			buildActionMask = 2147483647;
			files = (
				C4DEC5041D42272E00F6B32E /* ACPReminder.framework in Frameworks */,
			);
			runOnlyForDeploymentPostprocessing = 0;
		};
/* End PBXFrameworksBuildPhase section */

/* Begin PBXGroup section */
		C435EC271D423F7A00308BD2 /* Frameworks */ = {
			isa = PBXGroup;
			children = (
				C435EC281D423F7A00308BD2 /* UserNotifications.framework */,
			);
			name = Frameworks;
			sourceTree = "<group>";
		};
		C4DEC4EF1D42272E00F6B32E = {
			isa = PBXGroup;
			children = (
				C4DEC5141D42276700F6B32E /* Source */,
				C4DEC5071D42272E00F6B32E /* ACPReminderTests */,
				C4DEC4FA1D42272E00F6B32E /* Products */,
				C435EC271D423F7A00308BD2 /* Frameworks */,
			);
			sourceTree = "<group>";
		};
		C4DEC4FA1D42272E00F6B32E /* Products */ = {
			isa = PBXGroup;
			children = (
				C4DEC4F91D42272E00F6B32E /* ACPReminder.framework */,
				C4DEC5031D42272E00F6B32E /* ACPReminderTests.xctest */,
			);
			name = Products;
			sourceTree = "<group>";
		};
		C4DEC5071D42272E00F6B32E /* ACPReminderTests */ = {
			isa = PBXGroup;
			children = (
				C4DEC5081D42272E00F6B32E /* ACPReminderTests.swift */,
				C4DEC50A1D42272E00F6B32E /* Info.plist */,
			);
			path = ACPReminderTests;
			sourceTree = "<group>";
		};
		C4DEC5141D42276700F6B32E /* Source */ = {
			isa = PBXGroup;
			children = (
				C4DEC5151D42276700F6B32E /* ACPReminder.h */,
				C4DEC5161D42276700F6B32E /* Assets.xcassets */,
				C4DEC5171D42276700F6B32E /* Core */,
				C4DEC5231D42276700F6B32E /* Info.plist */,
			);
			path = Source;
			sourceTree = "<group>";
		};
		C4DEC5171D42276700F6B32E /* Core */ = {
			isa = PBXGroup;
			children = (
				C4DEC5181D42276700F6B32E /* ACPReminderManager.swift */,
				C4DEC5191D42276700F6B32E /* ACPReminderNotification.swift */,
				C405A7D31D424DB3006D15A8 /* ACPReminderConfiguration.swift */,
			);
			path = Core;
			sourceTree = "<group>";
		};
/* End PBXGroup section */

/* Begin PBXHeadersBuildPhase section */
		C4DEC4F61D42272E00F6B32E /* Headers */ = {
			isa = PBXHeadersBuildPhase;
			buildActionMask = 2147483647;
			files = (
				C4DEC5241D42276700F6B32E /* ACPReminder.h in Headers */,
				C435EC2A1D423FF700308BD2 /* ACPReminderManager.swift in Headers */,
				C435EC2B1D423FF700308BD2 /* ACPReminderNotification.swift in Headers */,
			);
			runOnlyForDeploymentPostprocessing = 0;
		};
/* End PBXHeadersBuildPhase section */

/* Begin PBXNativeTarget section */
		C4DEC4F81D42272E00F6B32E /* ACPReminder */ = {
			isa = PBXNativeTarget;
			buildConfigurationList = C4DEC50D1D42272E00F6B32E /* Build configuration list for PBXNativeTarget "ACPReminder" */;
			buildPhases = (
				C4DEC4F41D42272E00F6B32E /* Sources */,
				C4DEC4F51D42272E00F6B32E /* Frameworks */,
				C4DEC4F61D42272E00F6B32E /* Headers */,
				C4DEC4F71D42272E00F6B32E /* Resources */,
			);
			buildRules = (
			);
			dependencies = (
			);
			name = ACPReminder;
			productName = ACPReminder;
			productReference = C4DEC4F91D42272E00F6B32E /* ACPReminder.framework */;
			productType = "com.apple.product-type.framework";
		};
		C4DEC5021D42272E00F6B32E /* ACPReminderTests */ = {
			isa = PBXNativeTarget;
			buildConfigurationList = C4DEC5101D42272E00F6B32E /* Build configuration list for PBXNativeTarget "ACPReminderTests" */;
			buildPhases = (
				C4DEC4FF1D42272E00F6B32E /* Sources */,
				C4DEC5001D42272E00F6B32E /* Frameworks */,
				C4DEC5011D42272E00F6B32E /* Resources */,
			);
			buildRules = (
			);
			dependencies = (
				C4DEC5061D42272E00F6B32E /* PBXTargetDependency */,
			);
			name = ACPReminderTests;
			productName = ACPReminderTests;
			productReference = C4DEC5031D42272E00F6B32E /* ACPReminderTests.xctest */;
			productType = "com.apple.product-type.bundle.unit-test";
		};
/* End PBXNativeTarget section */

/* Begin PBXProject section */
		C4DEC4F01D42272E00F6B32E /* Project object */ = {
			isa = PBXProject;
			attributes = {
				LastSwiftUpdateCheck = 0800;
				LastUpgradeCheck = 0800;
				ORGANIZATIONNAME = Uttopia;
				TargetAttributes = {
					C4DEC4F81D42272E00F6B32E = {
						CreatedOnToolsVersion = 8.0;
						DevelopmentTeam = BMF7S4N69R;
						DevelopmentTeamName = "Antonio Casero (Personal Team)";
						ProvisioningStyle = Automatic;
					};
					C4DEC5021D42272E00F6B32E = {
						CreatedOnToolsVersion = 8.0;
						DevelopmentTeam = BMF7S4N69R;
						DevelopmentTeamName = "Antonio Casero (Personal Team)";
						ProvisioningStyle = Automatic;
					};
				};
			};
			buildConfigurationList = C4DEC4F31D42272E00F6B32E /* Build configuration list for PBXProject "ACPReminder" */;
			compatibilityVersion = "Xcode 3.2";
			developmentRegion = English;
			hasScannedForEncodings = 0;
			knownRegions = (
				en,
				Base,
			);
			mainGroup = C4DEC4EF1D42272E00F6B32E;
			productRefGroup = C4DEC4FA1D42272E00F6B32E /* Products */;
			projectDirPath = "";
			projectRoot = "";
			targets = (
				C4DEC4F81D42272E00F6B32E /* ACPReminder */,
				C4DEC5021D42272E00F6B32E /* ACPReminderTests */,
			);
		};
/* End PBXProject section */

/* Begin PBXResourcesBuildPhase section */
		C4DEC4F71D42272E00F6B32E /* Resources */ = {
			isa = PBXResourcesBuildPhase;
			buildActionMask = 2147483647;
			files = (
				C4DEC52E1D42276700F6B32E /* Info.plist in Resources */,
				C4DEC5251D42276700F6B32E /* Assets.xcassets in Resources */,
			);
			runOnlyForDeploymentPostprocessing = 0;
		};
		C4DEC5011D42272E00F6B32E /* Resources */ = {
			isa = PBXResourcesBuildPhase;
			buildActionMask = 2147483647;
			files = (
			);
			runOnlyForDeploymentPostprocessing = 0;
		};
/* End PBXResourcesBuildPhase section */

/* Begin PBXSourcesBuildPhase section */
		C4DEC4F41D42272E00F6B32E /* Sources */ = {
			isa = PBXSourcesBuildPhase;
			buildActionMask = 2147483647;
			files = (
				C435EC201D423F2700308BD2 /* ACPReminderManager.swift in Sources */,
				C435EC211D423F2700308BD2 /* ACPReminderNotification.swift in Sources */,
				C405A7D41D424DB3006D15A8 /* ACPReminderConfiguration.swift in Sources */,
			);
			runOnlyForDeploymentPostprocessing = 0;
		};
		C4DEC4FF1D42272E00F6B32E /* Sources */ = {
			isa = PBXSourcesBuildPhase;
			buildActionMask = 2147483647;
			files = (
				C4DEC5091D42272E00F6B32E /* ACPReminderTests.swift in Sources */,
			);
			runOnlyForDeploymentPostprocessing = 0;
		};
/* End PBXSourcesBuildPhase section */

/* Begin PBXTargetDependency section */
		C4DEC5061D42272E00F6B32E /* PBXTargetDependency */ = {
			isa = PBXTargetDependency;
			target = C4DEC4F81D42272E00F6B32E /* ACPReminder */;
			targetProxy = C4DEC5051D42272E00F6B32E /* PBXContainerItemProxy */;
		};
/* End PBXTargetDependency section */

/* Begin XCBuildConfiguration section */
		C4DEC50B1D42272E00F6B32E /* Debug */ = {
			isa = XCBuildConfiguration;
			buildSettings = {
				ALWAYS_SEARCH_USER_PATHS = NO;
				CLANG_ANALYZER_NONNULL = YES;
				CLANG_CXX_LANGUAGE_STANDARD = "gnu++0x";
				CLANG_CXX_LIBRARY = "libc++";
				CLANG_ENABLE_MODULES = YES;
				CLANG_ENABLE_OBJC_ARC = YES;
				CLANG_WARN_BOOL_CONVERSION = YES;
				CLANG_WARN_CONSTANT_CONVERSION = YES;
				CLANG_WARN_DIRECT_OBJC_ISA_USAGE = YES_ERROR;
				CLANG_WARN_DOCUMENTATION_COMMENTS = YES;
				CLANG_WARN_EMPTY_BODY = YES;
				CLANG_WARN_ENUM_CONVERSION = YES;
				CLANG_WARN_INT_CONVERSION = YES;
				CLANG_WARN_OBJC_ROOT_CLASS = YES_ERROR;
				CLANG_WARN_UNREACHABLE_CODE = YES;
				CLANG_WARN__DUPLICATE_METHOD_MATCH = YES;
				"CODE_SIGN_IDENTITY[sdk=iphoneos*]" = "iPhone Developer";
				COPY_PHASE_STRIP = NO;
				CURRENT_PROJECT_VERSION = 1;
				DEBUG_INFORMATION_FORMAT = dwarf;
				ENABLE_STRICT_OBJC_MSGSEND = YES;
				ENABLE_TESTABILITY = YES;
				GCC_C_LANGUAGE_STANDARD = gnu99;
				GCC_DYNAMIC_NO_PIC = NO;
				GCC_NO_COMMON_BLOCKS = YES;
				GCC_OPTIMIZATION_LEVEL = 0;
				GCC_PREPROCESSOR_DEFINITIONS = (
					"DEBUG=1",
					"$(inherited)",
				);
				GCC_WARN_64_TO_32_BIT_CONVERSION = YES;
				GCC_WARN_ABOUT_RETURN_TYPE = YES_ERROR;
				GCC_WARN_UNDECLARED_SELECTOR = YES;
				GCC_WARN_UNINITIALIZED_AUTOS = YES_AGGRESSIVE;
				GCC_WARN_UNUSED_FUNCTION = YES;
				GCC_WARN_UNUSED_VARIABLE = YES;
				IPHONEOS_DEPLOYMENT_TARGET = 10.0;
				MTL_ENABLE_DEBUG_INFO = YES;
				ONLY_ACTIVE_ARCH = YES;
				SDKROOT = iphoneos;
				SWIFT_ACTIVE_COMPILATION_CONDITIONS = DEBUG;
				SWIFT_OPTIMIZATION_LEVEL = "-Onone";
				TARGETED_DEVICE_FAMILY = "1,2";
				VERSIONING_SYSTEM = "apple-generic";
				VERSION_INFO_PREFIX = "";
			};
			name = Debug;
		};
		C4DEC50C1D42272E00F6B32E /* Release */ = {
			isa = XCBuildConfiguration;
			buildSettings = {
				ALWAYS_SEARCH_USER_PATHS = NO;
				CLANG_ANALYZER_NONNULL = YES;
				CLANG_CXX_LANGUAGE_STANDARD = "gnu++0x";
				CLANG_CXX_LIBRARY = "libc++";
				CLANG_ENABLE_MODULES = YES;
				CLANG_ENABLE_OBJC_ARC = YES;
				CLANG_WARN_BOOL_CONVERSION = YES;
				CLANG_WARN_CONSTANT_CONVERSION = YES;
				CLANG_WARN_DIRECT_OBJC_ISA_USAGE = YES_ERROR;
				CLANG_WARN_DOCUMENTATION_COMMENTS = YES;
				CLANG_WARN_EMPTY_BODY = YES;
				CLANG_WARN_ENUM_CONVERSION = YES;
				CLANG_WARN_INT_CONVERSION = YES;
				CLANG_WARN_OBJC_ROOT_CLASS = YES_ERROR;
				CLANG_WARN_UNREACHABLE_CODE = YES;
				CLANG_WARN__DUPLICATE_METHOD_MATCH = YES;
				"CODE_SIGN_IDENTITY[sdk=iphoneos*]" = "iPhone Developer";
				COPY_PHASE_STRIP = NO;
				CURRENT_PROJECT_VERSION = 1;
				DEBUG_INFORMATION_FORMAT = "dwarf-with-dsym";
				ENABLE_NS_ASSERTIONS = NO;
				ENABLE_STRICT_OBJC_MSGSEND = YES;
				GCC_C_LANGUAGE_STANDARD = gnu99;
				GCC_NO_COMMON_BLOCKS = YES;
				GCC_WARN_64_TO_32_BIT_CONVERSION = YES;
				GCC_WARN_ABOUT_RETURN_TYPE = YES_ERROR;
				GCC_WARN_UNDECLARED_SELECTOR = YES;
				GCC_WARN_UNINITIALIZED_AUTOS = YES_AGGRESSIVE;
				GCC_WARN_UNUSED_FUNCTION = YES;
				GCC_WARN_UNUSED_VARIABLE = YES;
				IPHONEOS_DEPLOYMENT_TARGET = 10.0;
				MTL_ENABLE_DEBUG_INFO = NO;
				SDKROOT = iphoneos;
				SWIFT_OPTIMIZATION_LEVEL = "-Owholemodule";
				TARGETED_DEVICE_FAMILY = "1,2";
				VALIDATE_PRODUCT = YES;
				VERSIONING_SYSTEM = "apple-generic";
				VERSION_INFO_PREFIX = "";
			};
			name = Release;
		};
		C4DEC50E1D42272E00F6B32E /* Debug */ = {
			isa = XCBuildConfiguration;
			buildSettings = {
				DEFINES_MODULE = YES;
				DYLIB_COMPATIBILITY_VERSION = 1;
				DYLIB_CURRENT_VERSION = 1;
				DYLIB_INSTALL_NAME_BASE = "@rpath";
				INFOPLIST_FILE = Source/Info.plist;
				INSTALL_PATH = "$(LOCAL_LIBRARY_DIR)/Frameworks";
				LD_RUNPATH_SEARCH_PATHS = "$(inherited) @executable_path/Frameworks @loader_path/Frameworks";
				PRODUCT_BUNDLE_IDENTIFIER = ACP.ACPReminder;
				PRODUCT_NAME = "$(TARGET_NAME)";
				SKIP_INSTALL = YES;
				SWIFT_VERSION = 3.0;
			};
			name = Debug;
		};
		C4DEC50F1D42272E00F6B32E /* Release */ = {
			isa = XCBuildConfiguration;
			buildSettings = {
				DEFINES_MODULE = YES;
				DYLIB_COMPATIBILITY_VERSION = 1;
				DYLIB_CURRENT_VERSION = 1;
				DYLIB_INSTALL_NAME_BASE = "@rpath";
				INFOPLIST_FILE = Source/Info.plist;
				INSTALL_PATH = "$(LOCAL_LIBRARY_DIR)/Frameworks";
				LD_RUNPATH_SEARCH_PATHS = "$(inherited) @executable_path/Frameworks @loader_path/Frameworks";
				PRODUCT_BUNDLE_IDENTIFIER = ACP.ACPReminder;
				PRODUCT_NAME = "$(TARGET_NAME)";
				SKIP_INSTALL = YES;
				SWIFT_VERSION = 3.0;
			};
			name = Release;
		};
		C4DEC5111D42272E00F6B32E /* Debug */ = {
			isa = XCBuildConfiguration;
			buildSettings = {
				INFOPLIST_FILE = ACPReminderTests/Info.plist;
				LD_RUNPATH_SEARCH_PATHS = "$(inherited) @executable_path/Frameworks @loader_path/Frameworks";
				PRODUCT_BUNDLE_IDENTIFIER = ACP.ACPReminderTests;
				PRODUCT_NAME = "$(TARGET_NAME)";
				SWIFT_VERSION = 3.0;
			};
			name = Debug;
		};
		C4DEC5121D42272E00F6B32E /* Release */ = {
			isa = XCBuildConfiguration;
			buildSettings = {
				INFOPLIST_FILE = ACPReminderTests/Info.plist;
				LD_RUNPATH_SEARCH_PATHS = "$(inherited) @executable_path/Frameworks @loader_path/Frameworks";
				PRODUCT_BUNDLE_IDENTIFIER = ACP.ACPReminderTests;
				PRODUCT_NAME = "$(TARGET_NAME)";
				SWIFT_VERSION = 3.0;
			};
			name = Release;
		};
/* End XCBuildConfiguration section */

/* Begin XCConfigurationList section */
		C4DEC4F31D42272E00F6B32E /* Build configuration list for PBXProject "ACPReminder" */ = {
			isa = XCConfigurationList;
			buildConfigurations = (
				C4DEC50B1D42272E00F6B32E /* Debug */,
				C4DEC50C1D42272E00F6B32E /* Release */,
			);
			defaultConfigurationIsVisible = 0;
			defaultConfigurationName = Release;
		};
		C4DEC50D1D42272E00F6B32E /* Build configuration list for PBXNativeTarget "ACPReminder" */ = {
			isa = XCConfigurationList;
			buildConfigurations = (
				C4DEC50E1D42272E00F6B32E /* Debug */,
				C4DEC50F1D42272E00F6B32E /* Release */,
			);
			defaultConfigurationIsVisible = 0;
			defaultConfigurationName = Release;
		};
		C4DEC5101D42272E00F6B32E /* Build configuration list for PBXNativeTarget "ACPReminderTests" */ = {
			isa = XCConfigurationList;
			buildConfigurations = (
				C4DEC5111D42272E00F6B32E /* Debug */,
				C4DEC5121D42272E00F6B32E /* Release */,
			);
			defaultConfigurationIsVisible = 0;
			defaultConfigurationName = Release;
		};
/* End XCConfigurationList section */
	};
	rootObject = C4DEC4F01D42272E00F6B32E /* Project object */;
}
